// !$*UTF8*$!
{
	archiveVersion = 1;
	classes = {
	};
	objectVersion = 56;
	objects = {

/* Begin PBXBuildFile section */
		5960B4A82A80E019005DDE3C /* EmptyView.swift in Sources */ = {isa = PBXBuildFile; fileRef = 5960B4A72A80E019005DDE3C /* EmptyView.swift */; };
		59C0491E2A70E2BE0071C806 /* Main.swift in Sources */ = {isa = PBXBuildFile; fileRef = 59C0491D2A70E2BE0071C806 /* Main.swift */; };
		59C049222A70E2BF0071C806 /* Assets.xcassets in Resources */ = {isa = PBXBuildFile; fileRef = 59C049212A70E2BF0071C806 /* Assets.xcassets */; };
		59C049252A70E2BF0071C806 /* Preview Assets.xcassets in Resources */ = {isa = PBXBuildFile; fileRef = 59C049242A70E2BF0071C806 /* Preview Assets.xcassets */; };
		59C0492F2A70E2BF0071C806 /* AppTests.swift in Sources */ = {isa = PBXBuildFile; fileRef = 59C0492E2A70E2BF0071C806 /* AppTests.swift */; };
		59C049392A70E2BF0071C806 /* AppUITests.swift in Sources */ = {isa = PBXBuildFile; fileRef = 59C049382A70E2BF0071C806 /* AppUITests.swift */; };
		59C0493B2A70E2BF0071C806 /* AppUITestsLaunchTests.swift in Sources */ = {isa = PBXBuildFile; fileRef = 59C0493A2A70E2BF0071C806 /* AppUITestsLaunchTests.swift */; };
		59C0494A2A70E3460071C806 /* SomeEntity.swift in Sources */ = {isa = PBXBuildFile; fileRef = 59C049492A70E3460071C806 /* SomeEntity.swift */; };
		59C0494D2A70E3930071C806 /* SomeEntityRepository.swift in Sources */ = {isa = PBXBuildFile; fileRef = 59C0494C2A70E3930071C806 /* SomeEntityRepository.swift */; };
		59C049512A70E3C80071C806 /* SomeFeatureUseCase.swift in Sources */ = {isa = PBXBuildFile; fileRef = 59C049502A70E3C80071C806 /* SomeFeatureUseCase.swift */; };
		59C049542A70E3DC0071C806 /* SomeEntityGateway.swift in Sources */ = {isa = PBXBuildFile; fileRef = 59C049532A70E3DC0071C806 /* SomeEntityGateway.swift */; };
		59C049572A70E3FB0071C806 /* SomeFeaturePresenter.swift in Sources */ = {isa = PBXBuildFile; fileRef = 59C049562A70E3FB0071C806 /* SomeFeaturePresenter.swift */; };
		59C0495D2A70E42F0071C806 /* SomeFeatureViewController.swift in Sources */ = {isa = PBXBuildFile; fileRef = 59C0495C2A70E42F0071C806 /* SomeFeatureViewController.swift */; };
		59C049612A70E4510071C806 /* AnotherFeatureViewController.swift in Sources */ = {isa = PBXBuildFile; fileRef = 59C049602A70E4510071C806 /* AnotherFeatureViewController.swift */; };
		59C049642A70E4720071C806 /* HomeView.swift in Sources */ = {isa = PBXBuildFile; fileRef = 59C049632A70E4720071C806 /* HomeView.swift */; };
		59C049672A70E4860071C806 /* Button.swift in Sources */ = {isa = PBXBuildFile; fileRef = 59C049662A70E4860071C806 /* Button.swift */; };
		59C0496A2A70F1B40071C806 /* BaseViewModel.swift in Sources */ = {isa = PBXBuildFile; fileRef = 59C049692A70F1B40071C806 /* BaseViewModel.swift */; };
		59C0496D2A70F1F40071C806 /* AuthService.swift in Sources */ = {isa = PBXBuildFile; fileRef = 59C0496C2A70F1F40071C806 /* AuthService.swift */; };
		59C049712A70F2130071C806 /* Utils.swift in Sources */ = {isa = PBXBuildFile; fileRef = 59C049702A70F2130071C806 /* Utils.swift */; };
		59C049732A70F2210071C806 /* AppDelegate.swift in Sources */ = {isa = PBXBuildFile; fileRef = 59C049722A70F2210071C806 /* AppDelegate.swift */; };
		59C049752A70F22C0071C806 /* SceneDelegate.swift in Sources */ = {isa = PBXBuildFile; fileRef = 59C049742A70F22C0071C806 /* SceneDelegate.swift */; };
		59C66A8E2A7CF32300E59227 /* SingInView.swift in Sources */ = {isa = PBXBuildFile; fileRef = 59C66A8D2A7CF32300E59227 /* SingInView.swift */; };
		59C66A902A7CF33400E59227 /* SignUpView.swift in Sources */ = {isa = PBXBuildFile; fileRef = 59C66A8F2A7CF33400E59227 /* SignUpView.swift */; };
		59C66A952A7CFA4800E59227 /* Config.swift in Sources */ = {isa = PBXBuildFile; fileRef = 59C66A942A7CFA4800E59227 /* Config.swift */; };
/* End PBXBuildFile section */

/* Begin PBXContainerItemProxy section */
		59C0492B2A70E2BF0071C806 /* PBXContainerItemProxy */ = {
			isa = PBXContainerItemProxy;
			containerPortal = 59C049122A70E2BE0071C806 /* Project object */;
			proxyType = 1;
			remoteGlobalIDString = 59C049192A70E2BE0071C806;
			remoteInfo = App;
		};
		59C049352A70E2BF0071C806 /* PBXContainerItemProxy */ = {
			isa = PBXContainerItemProxy;
			containerPortal = 59C049122A70E2BE0071C806 /* Project object */;
			proxyType = 1;
			remoteGlobalIDString = 59C049192A70E2BE0071C806;
			remoteInfo = App;
		};
/* End PBXContainerItemProxy section */

/* Begin PBXFileReference section */
		5960B4A72A80E019005DDE3C /* EmptyView.swift */ = {isa = PBXFileReference; lastKnownFileType = sourcecode.swift; path = EmptyView.swift; sourceTree = "<group>"; };
		59C0491A2A70E2BE0071C806 /* App.app */ = {isa = PBXFileReference; explicitFileType = wrapper.application; includeInIndex = 0; path = App.app; sourceTree = BUILT_PRODUCTS_DIR; };
		59C0491D2A70E2BE0071C806 /* Main.swift */ = {isa = PBXFileReference; lastKnownFileType = sourcecode.swift; path = Main.swift; sourceTree = "<group>"; };
		59C049212A70E2BF0071C806 /* Assets.xcassets */ = {isa = PBXFileReference; lastKnownFileType = folder.assetcatalog; path = Assets.xcassets; sourceTree = "<group>"; };
		59C049242A70E2BF0071C806 /* Preview Assets.xcassets */ = {isa = PBXFileReference; lastKnownFileType = folder.assetcatalog; path = "Preview Assets.xcassets"; sourceTree = "<group>"; };
		59C0492A2A70E2BF0071C806 /* AppTests.xctest */ = {isa = PBXFileReference; explicitFileType = wrapper.cfbundle; includeInIndex = 0; path = AppTests.xctest; sourceTree = BUILT_PRODUCTS_DIR; };
		59C0492E2A70E2BF0071C806 /* AppTests.swift */ = {isa = PBXFileReference; lastKnownFileType = sourcecode.swift; path = AppTests.swift; sourceTree = "<group>"; };
		59C049342A70E2BF0071C806 /* AppUITests.xctest */ = {isa = PBXFileReference; explicitFileType = wrapper.cfbundle; includeInIndex = 0; path = AppUITests.xctest; sourceTree = BUILT_PRODUCTS_DIR; };
		59C049382A70E2BF0071C806 /* AppUITests.swift */ = {isa = PBXFileReference; lastKnownFileType = sourcecode.swift; path = AppUITests.swift; sourceTree = "<group>"; };
		59C0493A2A70E2BF0071C806 /* AppUITestsLaunchTests.swift */ = {isa = PBXFileReference; lastKnownFileType = sourcecode.swift; path = AppUITestsLaunchTests.swift; sourceTree = "<group>"; };
		59C049492A70E3460071C806 /* SomeEntity.swift */ = {isa = PBXFileReference; lastKnownFileType = sourcecode.swift; path = SomeEntity.swift; sourceTree = "<group>"; };
		59C0494C2A70E3930071C806 /* SomeEntityRepository.swift */ = {isa = PBXFileReference; lastKnownFileType = sourcecode.swift; path = SomeEntityRepository.swift; sourceTree = "<group>"; };
		59C049502A70E3C80071C806 /* SomeFeatureUseCase.swift */ = {isa = PBXFileReference; lastKnownFileType = sourcecode.swift; path = SomeFeatureUseCase.swift; sourceTree = "<group>"; };
		59C049532A70E3DC0071C806 /* SomeEntityGateway.swift */ = {isa = PBXFileReference; lastKnownFileType = sourcecode.swift; path = SomeEntityGateway.swift; sourceTree = "<group>"; };
		59C049562A70E3FB0071C806 /* SomeFeaturePresenter.swift */ = {isa = PBXFileReference; lastKnownFileType = sourcecode.swift; path = SomeFeaturePresenter.swift; sourceTree = "<group>"; };
		59C0495C2A70E42F0071C806 /* SomeFeatureViewController.swift */ = {isa = PBXFileReference; lastKnownFileType = sourcecode.swift; path = SomeFeatureViewController.swift; sourceTree = "<group>"; };
		59C049602A70E4510071C806 /* AnotherFeatureViewController.swift */ = {isa = PBXFileReference; lastKnownFileType = sourcecode.swift; path = AnotherFeatureViewController.swift; sourceTree = "<group>"; };
		59C049632A70E4720071C806 /* HomeView.swift */ = {isa = PBXFileReference; lastKnownFileType = sourcecode.swift; path = HomeView.swift; sourceTree = "<group>"; };
		59C049662A70E4860071C806 /* Button.swift */ = {isa = PBXFileReference; lastKnownFileType = sourcecode.swift; path = Button.swift; sourceTree = "<group>"; };
		59C049692A70F1B40071C806 /* BaseViewModel.swift */ = {isa = PBXFileReference; lastKnownFileType = sourcecode.swift; path = BaseViewModel.swift; sourceTree = "<group>"; };
		59C0496C2A70F1F40071C806 /* AuthService.swift */ = {isa = PBXFileReference; lastKnownFileType = sourcecode.swift; path = AuthService.swift; sourceTree = "<group>"; };
		59C049702A70F2130071C806 /* Utils.swift */ = {isa = PBXFileReference; lastKnownFileType = sourcecode.swift; path = Utils.swift; sourceTree = "<group>"; };
		59C049722A70F2210071C806 /* AppDelegate.swift */ = {isa = PBXFileReference; lastKnownFileType = sourcecode.swift; path = AppDelegate.swift; sourceTree = "<group>"; };
		59C049742A70F22C0071C806 /* SceneDelegate.swift */ = {isa = PBXFileReference; lastKnownFileType = sourcecode.swift; path = SceneDelegate.swift; sourceTree = "<group>"; };
		59C66A8D2A7CF32300E59227 /* SingInView.swift */ = {isa = PBXFileReference; lastKnownFileType = sourcecode.swift; path = SingInView.swift; sourceTree = "<group>"; };
		59C66A8F2A7CF33400E59227 /* SignUpView.swift */ = {isa = PBXFileReference; lastKnownFileType = sourcecode.swift; path = SignUpView.swift; sourceTree = "<group>"; };
		59C66A942A7CFA4800E59227 /* Config.swift */ = {isa = PBXFileReference; lastKnownFileType = sourcecode.swift; path = Config.swift; sourceTree = "<group>"; };
/* End PBXFileReference section */

/* Begin PBXFrameworksBuildPhase section */
		59C049172A70E2BE0071C806 /* Frameworks */ = {
			isa = PBXFrameworksBuildPhase;
			buildActionMask = 2147483647;
			files = (
			);
			runOnlyForDeploymentPostprocessing = 0;
		};
		59C049272A70E2BF0071C806 /* Frameworks */ = {
			isa = PBXFrameworksBuildPhase;
			buildActionMask = 2147483647;
			files = (
			);
			runOnlyForDeploymentPostprocessing = 0;
		};
		59C049312A70E2BF0071C806 /* Frameworks */ = {
			isa = PBXFrameworksBuildPhase;
			buildActionMask = 2147483647;
			files = (
			);
			runOnlyForDeploymentPostprocessing = 0;
		};
/* End PBXFrameworksBuildPhase section */

/* Begin PBXGroup section */
		59C049112A70E2BE0071C806 = {
			isa = PBXGroup;
			children = (
				59C0491C2A70E2BE0071C806 /* App */,
				59C0492D2A70E2BF0071C806 /* AppTests */,
				59C049372A70E2BF0071C806 /* AppUITests */,
				59C0491B2A70E2BE0071C806 /* Products */,
			);
			sourceTree = "<group>";
		};
		59C0491B2A70E2BE0071C806 /* Products */ = {
			isa = PBXGroup;
			children = (
				59C0491A2A70E2BE0071C806 /* App.app */,
				59C0492A2A70E2BF0071C806 /* AppTests.xctest */,
				59C049342A70E2BF0071C806 /* AppUITests.xctest */,
			);
			name = Products;
			sourceTree = "<group>";
		};
		59C0491C2A70E2BE0071C806 /* App */ = {
			isa = PBXGroup;
			children = (
				59C66A922A7CFA1B00E59227 /* InfraStructure */,
				59C0496E2A70F1FE0071C806 /* Utils */,
				59C0496B2A70F1CE0071C806 /* Services */,
				59C049582A70E4030071C806 /* Presentation */,
				59C0494E2A70E3AF0071C806 /* Application */,
				59C049472A70E3120071C806 /* Domain */,
				59C0491D2A70E2BE0071C806 /* Main.swift */,
				59C049212A70E2BF0071C806 /* Assets.xcassets */,
				59C049232A70E2BF0071C806 /* Preview Content */,
				59C049722A70F2210071C806 /* AppDelegate.swift */,
				59C049742A70F22C0071C806 /* SceneDelegate.swift */,
			);
			path = App;
			sourceTree = "<group>";
		};
		59C049232A70E2BF0071C806 /* Preview Content */ = {
			isa = PBXGroup;
			children = (
				59C049242A70E2BF0071C806 /* Preview Assets.xcassets */,
			);
			path = "Preview Content";
			sourceTree = "<group>";
		};
		59C0492D2A70E2BF0071C806 /* AppTests */ = {
			isa = PBXGroup;
			children = (
				59C0492E2A70E2BF0071C806 /* AppTests.swift */,
			);
			path = AppTests;
			sourceTree = "<group>";
		};
		59C049372A70E2BF0071C806 /* AppUITests */ = {
			isa = PBXGroup;
			children = (
				59C049382A70E2BF0071C806 /* AppUITests.swift */,
				59C0493A2A70E2BF0071C806 /* AppUITestsLaunchTests.swift */,
			);
			path = AppUITests;
			sourceTree = "<group>";
		};
		59C049472A70E3120071C806 /* Domain */ = {
			isa = PBXGroup;
			children = (
				59C0494B2A70E3750071C806 /* Repositories */,
				59C049482A70E3290071C806 /* Models */,
			);
			path = Domain;
			sourceTree = "<group>";
		};
		59C049482A70E3290071C806 /* Models */ = {
			isa = PBXGroup;
			children = (
				59C049492A70E3460071C806 /* SomeEntity.swift */,
			);
			path = Models;
			sourceTree = "<group>";
		};
		59C0494B2A70E3750071C806 /* Repositories */ = {
			isa = PBXGroup;
			children = (
				59C0494C2A70E3930071C806 /* SomeEntityRepository.swift */,
			);
			path = Repositories;
			sourceTree = "<group>";
		};
		59C0494E2A70E3AF0071C806 /* Application */ = {
			isa = PBXGroup;
			children = (
				59C049552A70E3EF0071C806 /* Presenters */,
				59C049522A70E3CF0071C806 /* Gateways */,
				59C0494F2A70E3B60071C806 /* UseCases */,
			);
			path = Application;
			sourceTree = "<group>";
		};
		59C0494F2A70E3B60071C806 /* UseCases */ = {
			isa = PBXGroup;
			children = (
				59C049502A70E3C80071C806 /* SomeFeatureUseCase.swift */,
			);
			path = UseCases;
			sourceTree = "<group>";
		};
		59C049522A70E3CF0071C806 /* Gateways */ = {
			isa = PBXGroup;
			children = (
				59C049532A70E3DC0071C806 /* SomeEntityGateway.swift */,
			);
			path = Gateways;
			sourceTree = "<group>";
		};
		59C049552A70E3EF0071C806 /* Presenters */ = {
			isa = PBXGroup;
			children = (
				59C049562A70E3FB0071C806 /* SomeFeaturePresenter.swift */,
			);
			path = Presenters;
			sourceTree = "<group>";
		};
		59C049582A70E4030071C806 /* Presentation */ = {
			isa = PBXGroup;
			children = (
				59C049592A70E40B0071C806 /* Scenes */,
			);
			path = Presentation;
			sourceTree = "<group>";
		};
		59C049592A70E40B0071C806 /* Scenes */ = {
			isa = PBXGroup;
			children = (
				59C049682A70F1A60071C806 /* ViewModels */,
				59C049652A70E4790071C806 /* ViewControllers */,
				59C049622A70E4610071C806 /* Views */,
				59C0495B2A70E4210071C806 /* AnotherFeature */,
				59C0495A2A70E4140071C806 /* SomeFeature */,
			);
			path = Scenes;
			sourceTree = "<group>";
		};
		59C0495A2A70E4140071C806 /* SomeFeature */ = {
			isa = PBXGroup;
			children = (
				59C0495C2A70E42F0071C806 /* SomeFeatureViewController.swift */,
			);
			path = SomeFeature;
			sourceTree = "<group>";
		};
		59C0495B2A70E4210071C806 /* AnotherFeature */ = {
			isa = PBXGroup;
			children = (
				59C049602A70E4510071C806 /* AnotherFeatureViewController.swift */,
			);
			path = AnotherFeature;
			sourceTree = "<group>";
		};
		59C049622A70E4610071C806 /* Views */ = {
			isa = PBXGroup;
			children = (
				59C66A8C2A7CF30500E59227 /* Auth */,
				59C049632A70E4720071C806 /* HomeView.swift */,
				5960B4A72A80E019005DDE3C /* EmptyView.swift */,
			);
			path = Views;
			sourceTree = "<group>";
		};
		59C049652A70E4790071C806 /* ViewControllers */ = {
			isa = PBXGroup;
			children = (
				59C66A912A7CF71900E59227 /* Components */,
			);
			path = ViewControllers;
			sourceTree = "<group>";
		};
		59C049682A70F1A60071C806 /* ViewModels */ = {
			isa = PBXGroup;
			children = (
				59C049692A70F1B40071C806 /* BaseViewModel.swift */,
			);
			path = ViewModels;
			sourceTree = "<group>";
		};
		59C0496B2A70F1CE0071C806 /* Services */ = {
			isa = PBXGroup;
			children = (
				59C0496C2A70F1F40071C806 /* AuthService.swift */,
			);
			path = Services;
			sourceTree = "<group>";
		};
		59C0496E2A70F1FE0071C806 /* Utils */ = {
			isa = PBXGroup;
			children = (
				59C049702A70F2130071C806 /* Utils.swift */,
			);
			path = Utils;
			sourceTree = "<group>";
		};
		59C66A8C2A7CF30500E59227 /* Auth */ = {
			isa = PBXGroup;
			children = (
				59C66A8D2A7CF32300E59227 /* SingInView.swift */,
				59C66A8F2A7CF33400E59227 /* SignUpView.swift */,
			);
			path = Auth;
			sourceTree = "<group>";
		};
		59C66A912A7CF71900E59227 /* Components */ = {
			isa = PBXGroup;
			children = (
				59C049662A70E4860071C806 /* Button.swift */,
			);
			path = Components;
			sourceTree = "<group>";
		};
		59C66A922A7CFA1B00E59227 /* InfraStructure */ = {
			isa = PBXGroup;
			children = (
				59C66A932A7CFA3200E59227 /* Config */,
			);
			path = InfraStructure;
			sourceTree = "<group>";
		};
		59C66A932A7CFA3200E59227 /* Config */ = {
			isa = PBXGroup;
			children = (
				59C66A942A7CFA4800E59227 /* Config.swift */,
			);
			path = Config;
			sourceTree = "<group>";
		};
/* End PBXGroup section */

/* Begin PBXNativeTarget section */
		59C049192A70E2BE0071C806 /* App */ = {
			isa = PBXNativeTarget;
			buildConfigurationList = 59C0493E2A70E2BF0071C806 /* Build configuration list for PBXNativeTarget "App" */;
			buildPhases = (
				59C049162A70E2BE0071C806 /* Sources */,
				59C049172A70E2BE0071C806 /* Frameworks */,
				59C049182A70E2BE0071C806 /* Resources */,
			);
			buildRules = (
			);
			dependencies = (
			);
			name = App;
			productName = App;
			productReference = 59C0491A2A70E2BE0071C806 /* App.app */;
			productType = "com.apple.product-type.application";
		};
		59C049292A70E2BF0071C806 /* AppTests */ = {
			isa = PBXNativeTarget;
			buildConfigurationList = 59C049412A70E2BF0071C806 /* Build configuration list for PBXNativeTarget "AppTests" */;
			buildPhases = (
				59C049262A70E2BF0071C806 /* Sources */,
				59C049272A70E2BF0071C806 /* Frameworks */,
				59C049282A70E2BF0071C806 /* Resources */,
			);
			buildRules = (
			);
			dependencies = (
				59C0492C2A70E2BF0071C806 /* PBXTargetDependency */,
			);
			name = AppTests;
			productName = AppTests;
			productReference = 59C0492A2A70E2BF0071C806 /* AppTests.xctest */;
			productType = "com.apple.product-type.bundle.unit-test";
		};
		59C049332A70E2BF0071C806 /* AppUITests */ = {
			isa = PBXNativeTarget;
			buildConfigurationList = 59C049442A70E2BF0071C806 /* Build configuration list for PBXNativeTarget "AppUITests" */;
			buildPhases = (
				59C049302A70E2BF0071C806 /* Sources */,
				59C049312A70E2BF0071C806 /* Frameworks */,
				59C049322A70E2BF0071C806 /* Resources */,
			);
			buildRules = (
			);
			dependencies = (
				59C049362A70E2BF0071C806 /* PBXTargetDependency */,
			);
			name = AppUITests;
			productName = AppUITests;
			productReference = 59C049342A70E2BF0071C806 /* AppUITests.xctest */;
			productType = "com.apple.product-type.bundle.ui-testing";
		};
/* End PBXNativeTarget section */

/* Begin PBXProject section */
		59C049122A70E2BE0071C806 /* Project object */ = {
			isa = PBXProject;
			attributes = {
				BuildIndependentTargetsInParallel = 1;
				LastSwiftUpdateCheck = 1430;
				LastUpgradeCheck = 1430;
				TargetAttributes = {
					59C049192A70E2BE0071C806 = {
						CreatedOnToolsVersion = 14.3.1;
					};
					59C049292A70E2BF0071C806 = {
						CreatedOnToolsVersion = 14.3.1;
						TestTargetID = 59C049192A70E2BE0071C806;
					};
					59C049332A70E2BF0071C806 = {
						CreatedOnToolsVersion = 14.3.1;
						TestTargetID = 59C049192A70E2BE0071C806;
					};
				};
			};
			buildConfigurationList = 59C049152A70E2BE0071C806 /* Build configuration list for PBXProject "App" */;
			compatibilityVersion = "Xcode 14.0";
			developmentRegion = en;
			hasScannedForEncodings = 0;
			knownRegions = (
				en,
				Base,
			);
			mainGroup = 59C049112A70E2BE0071C806;
			productRefGroup = 59C0491B2A70E2BE0071C806 /* Products */;
			projectDirPath = "";
			projectRoot = "";
			targets = (
				59C049192A70E2BE0071C806 /* App */,
				59C049292A70E2BF0071C806 /* AppTests */,
				59C049332A70E2BF0071C806 /* AppUITests */,
			);
		};
/* End PBXProject section */

/* Begin PBXResourcesBuildPhase section */
		59C049182A70E2BE0071C806 /* Resources */ = {
			isa = PBXResourcesBuildPhase;
			buildActionMask = 2147483647;
			files = (
				59C049252A70E2BF0071C806 /* Preview Assets.xcassets in Resources */,
				59C049222A70E2BF0071C806 /* Assets.xcassets in Resources */,
			);
			runOnlyForDeploymentPostprocessing = 0;
		};
		59C049282A70E2BF0071C806 /* Resources */ = {
			isa = PBXResourcesBuildPhase;
			buildActionMask = 2147483647;
			files = (
			);
			runOnlyForDeploymentPostprocessing = 0;
		};
		59C049322A70E2BF0071C806 /* Resources */ = {
			isa = PBXResourcesBuildPhase;
			buildActionMask = 2147483647;
			files = (
			);
			runOnlyForDeploymentPostprocessing = 0;
		};
/* End PBXResourcesBuildPhase section */

/* Begin PBXSourcesBuildPhase section */
		59C049162A70E2BE0071C806 /* Sources */ = {
			isa = PBXSourcesBuildPhase;
			buildActionMask = 2147483647;
			files = (
				59C049512A70E3C80071C806 /* SomeFeatureUseCase.swift in Sources */,
				59C0495D2A70E42F0071C806 /* SomeFeatureViewController.swift in Sources */,
				59C049672A70E4860071C806 /* Button.swift in Sources */,
				59C049732A70F2210071C806 /* AppDelegate.swift in Sources */,
				59C049712A70F2130071C806 /* Utils.swift in Sources */,
				5960B4A82A80E019005DDE3C /* EmptyView.swift in Sources */,
				59C0491E2A70E2BE0071C806 /* Main.swift in Sources */,
				59C049752A70F22C0071C806 /* SceneDelegate.swift in Sources */,
				59C0496A2A70F1B40071C806 /* BaseViewModel.swift in Sources */,
				59C049542A70E3DC0071C806 /* SomeEntityGateway.swift in Sources */,
				59C049642A70E4720071C806 /* HomeView.swift in Sources */,
				59C049572A70E3FB0071C806 /* SomeFeaturePresenter.swift in Sources */,
				59C66A952A7CFA4800E59227 /* Config.swift in Sources */,
				59C0494D2A70E3930071C806 /* SomeEntityRepository.swift in Sources */,
				59C66A902A7CF33400E59227 /* SignUpView.swift in Sources */,
				59C0494A2A70E3460071C806 /* SomeEntity.swift in Sources */,
				59C0496D2A70F1F40071C806 /* AuthService.swift in Sources */,
				59C66A8E2A7CF32300E59227 /* SingInView.swift in Sources */,
				59C049612A70E4510071C806 /* AnotherFeatureViewController.swift in Sources */,
			);
			runOnlyForDeploymentPostprocessing = 0;
		};
		59C049262A70E2BF0071C806 /* Sources */ = {
			isa = PBXSourcesBuildPhase;
			buildActionMask = 2147483647;
			files = (
				59C0492F2A70E2BF0071C806 /* AppTests.swift in Sources */,
			);
			runOnlyForDeploymentPostprocessing = 0;
		};
		59C049302A70E2BF0071C806 /* Sources */ = {
			isa = PBXSourcesBuildPhase;
			buildActionMask = 2147483647;
			files = (
				59C0493B2A70E2BF0071C806 /* AppUITestsLaunchTests.swift in Sources */,
				59C049392A70E2BF0071C806 /* AppUITests.swift in Sources */,
			);
			runOnlyForDeploymentPostprocessing = 0;
		};
/* End PBXSourcesBuildPhase section */

/* Begin PBXTargetDependency section */
		59C0492C2A70E2BF0071C806 /* PBXTargetDependency */ = {
			isa = PBXTargetDependency;
			target = 59C049192A70E2BE0071C806 /* App */;
			targetProxy = 59C0492B2A70E2BF0071C806 /* PBXContainerItemProxy */;
		};
		59C049362A70E2BF0071C806 /* PBXTargetDependency */ = {
			isa = PBXTargetDependency;
			target = 59C049192A70E2BE0071C806 /* App */;
			targetProxy = 59C049352A70E2BF0071C806 /* PBXContainerItemProxy */;
		};
/* End PBXTargetDependency section */

/* Begin XCBuildConfiguration section */
		59C0493C2A70E2BF0071C806 /* Debug */ = {
			isa = XCBuildConfiguration;
			buildSettings = {
				ALWAYS_SEARCH_USER_PATHS = NO;
				CLANG_ANALYZER_NONNULL = YES;
				CLANG_ANALYZER_NUMBER_OBJECT_CONVERSION = YES_AGGRESSIVE;
				CLANG_CXX_LANGUAGE_STANDARD = "gnu++20";
				CLANG_ENABLE_MODULES = YES;
				CLANG_ENABLE_OBJC_ARC = YES;
				CLANG_ENABLE_OBJC_WEAK = YES;
				CLANG_WARN_BLOCK_CAPTURE_AUTORELEASING = YES;
				CLANG_WARN_BOOL_CONVERSION = YES;
				CLANG_WARN_COMMA = YES;
				CLANG_WARN_CONSTANT_CONVERSION = YES;
				CLANG_WARN_DEPRECATED_OBJC_IMPLEMENTATIONS = YES;
				CLANG_WARN_DIRECT_OBJC_ISA_USAGE = YES_ERROR;
				CLANG_WARN_DOCUMENTATION_COMMENTS = YES;
				CLANG_WARN_EMPTY_BODY = YES;
				CLANG_WARN_ENUM_CONVERSION = YES;
				CLANG_WARN_INFINITE_RECURSION = YES;
				CLANG_WARN_INT_CONVERSION = YES;
				CLANG_WARN_NON_LITERAL_NULL_CONVERSION = YES;
				CLANG_WARN_OBJC_IMPLICIT_RETAIN_SELF = YES;
				CLANG_WARN_OBJC_LITERAL_CONVERSION = YES;
				CLANG_WARN_OBJC_ROOT_CLASS = YES_ERROR;
				CLANG_WARN_QUOTED_INCLUDE_IN_FRAMEWORK_HEADER = YES;
				CLANG_WARN_RANGE_LOOP_ANALYSIS = YES;
				CLANG_WARN_STRICT_PROTOTYPES = YES;
				CLANG_WARN_SUSPICIOUS_MOVE = YES;
				CLANG_WARN_UNGUARDED_AVAILABILITY = YES_AGGRESSIVE;
				CLANG_WARN_UNREACHABLE_CODE = YES;
				CLANG_WARN__DUPLICATE_METHOD_MATCH = YES;
				COPY_PHASE_STRIP = NO;
				DEBUG_INFORMATION_FORMAT = dwarf;
				ENABLE_STRICT_OBJC_MSGSEND = YES;
				ENABLE_TESTABILITY = YES;
				GCC_C_LANGUAGE_STANDARD = gnu11;
				GCC_DYNAMIC_NO_PIC = NO;
				GCC_NO_COMMON_BLOCKS = YES;
				GCC_OPTIMIZATION_LEVEL = 0;
				GCC_PREPROCESSOR_DEFINITIONS = (
					"DEBUG=1",
					"$(inherited)",
				);
				GCC_WARN_64_TO_32_BIT_CONVERSION = YES;
				GCC_WARN_ABOUT_RETURN_TYPE = YES_ERROR;
				GCC_WARN_UNDECLARED_SELECTOR = YES;
				GCC_WARN_UNINITIALIZED_AUTOS = YES_AGGRESSIVE;
				GCC_WARN_UNUSED_FUNCTION = YES;
				GCC_WARN_UNUSED_VARIABLE = YES;
				IPHONEOS_DEPLOYMENT_TARGET = 16.4;
				MTL_ENABLE_DEBUG_INFO = INCLUDE_SOURCE;
				MTL_FAST_MATH = YES;
				ONLY_ACTIVE_ARCH = YES;
				SDKROOT = iphoneos;
				SWIFT_ACTIVE_COMPILATION_CONDITIONS = DEBUG;
				SWIFT_OPTIMIZATION_LEVEL = "-Onone";
			};
			name = Debug;
		};
		59C0493D2A70E2BF0071C806 /* Release */ = {
			isa = XCBuildConfiguration;
			buildSettings = {
				ALWAYS_SEARCH_USER_PATHS = NO;
				CLANG_ANALYZER_NONNULL = YES;
				CLANG_ANALYZER_NUMBER_OBJECT_CONVERSION = YES_AGGRESSIVE;
				CLANG_CXX_LANGUAGE_STANDARD = "gnu++20";
				CLANG_ENABLE_MODULES = YES;
				CLANG_ENABLE_OBJC_ARC = YES;
				CLANG_ENABLE_OBJC_WEAK = YES;
				CLANG_WARN_BLOCK_CAPTURE_AUTORELEASING = YES;
				CLANG_WARN_BOOL_CONVERSION = YES;
				CLANG_WARN_COMMA = YES;
				CLANG_WARN_CONSTANT_CONVERSION = YES;
				CLANG_WARN_DEPRECATED_OBJC_IMPLEMENTATIONS = YES;
				CLANG_WARN_DIRECT_OBJC_ISA_USAGE = YES_ERROR;
				CLANG_WARN_DOCUMENTATION_COMMENTS = YES;
				CLANG_WARN_EMPTY_BODY = YES;
				CLANG_WARN_ENUM_CONVERSION = YES;
				CLANG_WARN_INFINITE_RECURSION = YES;
				CLANG_WARN_INT_CONVERSION = YES;
				CLANG_WARN_NON_LITERAL_NULL_CONVERSION = YES;
				CLANG_WARN_OBJC_IMPLICIT_RETAIN_SELF = YES;
				CLANG_WARN_OBJC_LITERAL_CONVERSION = YES;
				CLANG_WARN_OBJC_ROOT_CLASS = YES_ERROR;
				CLANG_WARN_QUOTED_INCLUDE_IN_FRAMEWORK_HEADER = YES;
				CLANG_WARN_RANGE_LOOP_ANALYSIS = YES;
				CLANG_WARN_STRICT_PROTOTYPES = YES;
				CLANG_WARN_SUSPICIOUS_MOVE = YES;
				CLANG_WARN_UNGUARDED_AVAILABILITY = YES_AGGRESSIVE;
				CLANG_WARN_UNREACHABLE_CODE = YES;
				CLANG_WARN__DUPLICATE_METHOD_MATCH = YES;
				COPY_PHASE_STRIP = NO;
				DEBUG_INFORMATION_FORMAT = "dwarf-with-dsym";
				ENABLE_NS_ASSERTIONS = NO;
				ENABLE_STRICT_OBJC_MSGSEND = YES;
				GCC_C_LANGUAGE_STANDARD = gnu11;
				GCC_NO_COMMON_BLOCKS = YES;
				GCC_WARN_64_TO_32_BIT_CONVERSION = YES;
				GCC_WARN_ABOUT_RETURN_TYPE = YES_ERROR;
				GCC_WARN_UNDECLARED_SELECTOR = YES;
				GCC_WARN_UNINITIALIZED_AUTOS = YES_AGGRESSIVE;
				GCC_WARN_UNUSED_FUNCTION = YES;
				GCC_WARN_UNUSED_VARIABLE = YES;
				IPHONEOS_DEPLOYMENT_TARGET = 16.4;
				MTL_ENABLE_DEBUG_INFO = NO;
				MTL_FAST_MATH = YES;
				SDKROOT = iphoneos;
				SWIFT_COMPILATION_MODE = wholemodule;
				SWIFT_OPTIMIZATION_LEVEL = "-O";
				VALIDATE_PRODUCT = YES;
			};
			name = Release;
		};
		59C0493F2A70E2BF0071C806 /* Debug */ = {
			isa = XCBuildConfiguration;
			buildSettings = {
				ASSETCATALOG_COMPILER_APPICON_NAME = AppIcon;
				ASSETCATALOG_COMPILER_GLOBAL_ACCENT_COLOR_NAME = AccentColor;
				CODE_SIGN_STYLE = Automatic;
				CURRENT_PROJECT_VERSION = 1;
				DEVELOPMENT_ASSET_PATHS = "\"App/Preview Content\"";
				ENABLE_PREVIEWS = YES;
				GENERATE_INFOPLIST_FILE = YES;
				INFOPLIST_KEY_UIApplicationSceneManifest_Generation = YES;
				INFOPLIST_KEY_UIApplicationSupportsIndirectInputEvents = YES;
				INFOPLIST_KEY_UILaunchScreen_Generation = YES;
				INFOPLIST_KEY_UISupportedInterfaceOrientations_iPad = "UIInterfaceOrientationPortrait UIInterfaceOrientationPortraitUpsideDown UIInterfaceOrientationLandscapeLeft UIInterfaceOrientationLandscapeRight";
				INFOPLIST_KEY_UISupportedInterfaceOrientations_iPhone = "UIInterfaceOrientationPortrait UIInterfaceOrientationLandscapeLeft UIInterfaceOrientationLandscapeRight";
				LD_RUNPATH_SEARCH_PATHS = (
					"$(inherited)",
					"@executable_path/Frameworks",
				);
				MARKETING_VERSION = 1.0;
				PRODUCT_BUNDLE_IDENTIFIER = Heepoke.App;
				PRODUCT_NAME = "$(TARGET_NAME)";
				SWIFT_EMIT_LOC_STRINGS = YES;
				SWIFT_VERSION = 5.0;
				TARGETED_DEVICE_FAMILY = "1,2";
			};
			name = Debug;
		};
		59C049402A70E2BF0071C806 /* Release */ = {
			isa = XCBuildConfiguration;
			buildSettings = {
				ASSETCATALOG_COMPILER_APPICON_NAME = AppIcon;
				ASSETCATALOG_COMPILER_GLOBAL_ACCENT_COLOR_NAME = AccentColor;
				CODE_SIGN_STYLE = Automatic;
				CURRENT_PROJECT_VERSION = 1;
				DEVELOPMENT_ASSET_PATHS = "\"App/Preview Content\"";
				ENABLE_PREVIEWS = YES;
				GENERATE_INFOPLIST_FILE = YES;
				INFOPLIST_KEY_UIApplicationSceneManifest_Generation = YES;
				INFOPLIST_KEY_UIApplicationSupportsIndirectInputEvents = YES;
				INFOPLIST_KEY_UILaunchScreen_Generation = YES;
				INFOPLIST_KEY_UISupportedInterfaceOrientations_iPad = "UIInterfaceOrientationPortrait UIInterfaceOrientationPortraitUpsideDown UIInterfaceOrientationLandscapeLeft UIInterfaceOrientationLandscapeRight";
				INFOPLIST_KEY_UISupportedInterfaceOrientations_iPhone = "UIInterfaceOrientationPortrait UIInterfaceOrientationLandscapeLeft UIInterfaceOrientationLandscapeRight";
				LD_RUNPATH_SEARCH_PATHS = (
					"$(inherited)",
					"@executable_path/Frameworks",
				);
				MARKETING_VERSION = 1.0;
				PRODUCT_BUNDLE_IDENTIFIER = Heepoke.App;
				PRODUCT_NAME = "$(TARGET_NAME)";
				SWIFT_EMIT_LOC_STRINGS = YES;
				SWIFT_VERSION = 5.0;
				TARGETED_DEVICE_FAMILY = "1,2";
			};
			name = Release;
		};
		59C049422A70E2BF0071C806 /* Debug */ = {
			isa = XCBuildConfiguration;
			buildSettings = {
				ALWAYS_EMBED_SWIFT_STANDARD_LIBRARIES = YES;
				BUNDLE_LOADER = "$(TEST_HOST)";
				CODE_SIGN_STYLE = Automatic;
				CURRENT_PROJECT_VERSION = 1;
				GENERATE_INFOPLIST_FILE = YES;
				IPHONEOS_DEPLOYMENT_TARGET = 16.4;
				MARKETING_VERSION = 1.0;
				PRODUCT_BUNDLE_IDENTIFIER = Heepoke.AppTests;
				PRODUCT_NAME = "$(TARGET_NAME)";
				SWIFT_EMIT_LOC_STRINGS = NO;
				SWIFT_VERSION = 5.0;
				TARGETED_DEVICE_FAMILY = "1,2";
				TEST_HOST = "$(BUILT_PRODUCTS_DIR)/App.app/$(BUNDLE_EXECUTABLE_FOLDER_PATH)/App";
			};
			name = Debug;
		};
		59C049432A70E2BF0071C806 /* Release */ = {
			isa = XCBuildConfiguration;
			buildSettings = {
				ALWAYS_EMBED_SWIFT_STANDARD_LIBRARIES = YES;
				BUNDLE_LOADER = "$(TEST_HOST)";
				CODE_SIGN_STYLE = Automatic;
				CURRENT_PROJECT_VERSION = 1;
				GENERATE_INFOPLIST_FILE = YES;
				IPHONEOS_DEPLOYMENT_TARGET = 16.4;
				MARKETING_VERSION = 1.0;
				PRODUCT_BUNDLE_IDENTIFIER = Heepoke.AppTests;
				PRODUCT_NAME = "$(TARGET_NAME)";
				SWIFT_EMIT_LOC_STRINGS = NO;
				SWIFT_VERSION = 5.0;
				TARGETED_DEVICE_FAMILY = "1,2";
				TEST_HOST = "$(BUILT_PRODUCTS_DIR)/App.app/$(BUNDLE_EXECUTABLE_FOLDER_PATH)/App";
			};
			name = Release;
		};
		59C049452A70E2BF0071C806 /* Debug */ = {
			isa = XCBuildConfiguration;
			buildSettings = {
				ALWAYS_EMBED_SWIFT_STANDARD_LIBRARIES = YES;
				CODE_SIGN_STYLE = Automatic;
				CURRENT_PROJECT_VERSION = 1;
				GENERATE_INFOPLIST_FILE = YES;
				MARKETING_VERSION = 1.0;
				PRODUCT_BUNDLE_IDENTIFIER = Heepoke.AppUITests;
				PRODUCT_NAME = "$(TARGET_NAME)";
				SWIFT_EMIT_LOC_STRINGS = NO;
				SWIFT_VERSION = 5.0;
				TARGETED_DEVICE_FAMILY = "1,2";
				TEST_TARGET_NAME = App;
			};
			name = Debug;
		};
		59C049462A70E2BF0071C806 /* Release */ = {
			isa = XCBuildConfiguration;
			buildSettings = {
				ALWAYS_EMBED_SWIFT_STANDARD_LIBRARIES = YES;
				CODE_SIGN_STYLE = Automatic;
				CURRENT_PROJECT_VERSION = 1;
				GENERATE_INFOPLIST_FILE = YES;
				MARKETING_VERSION = 1.0;
				PRODUCT_BUNDLE_IDENTIFIER = Heepoke.AppUITests;
				PRODUCT_NAME = "$(TARGET_NAME)";
				SWIFT_EMIT_LOC_STRINGS = NO;
				SWIFT_VERSION = 5.0;
				TARGETED_DEVICE_FAMILY = "1,2";
				TEST_TARGET_NAME = App;
			};
			name = Release;
		};
/* End XCBuildConfiguration section */

/* Begin XCConfigurationList section */
		59C049152A70E2BE0071C806 /* Build configuration list for PBXProject "App" */ = {
			isa = XCConfigurationList;
			buildConfigurations = (
				59C0493C2A70E2BF0071C806 /* Debug */,
				59C0493D2A70E2BF0071C806 /* Release */,
			);
			defaultConfigurationIsVisible = 0;
			defaultConfigurationName = Release;
		};
		59C0493E2A70E2BF0071C806 /* Build configuration list for PBXNativeTarget "App" */ = {
			isa = XCConfigurationList;
			buildConfigurations = (
				59C0493F2A70E2BF0071C806 /* Debug */,
				59C049402A70E2BF0071C806 /* Release */,
			);
			defaultConfigurationIsVisible = 0;
			defaultConfigurationName = Release;
		};
		59C049412A70E2BF0071C806 /* Build configuration list for PBXNativeTarget "AppTests" */ = {
			isa = XCConfigurationList;
			buildConfigurations = (
				59C049422A70E2BF0071C806 /* Debug */,
				59C049432A70E2BF0071C806 /* Release */,
			);
			defaultConfigurationIsVisible = 0;
			defaultConfigurationName = Release;
		};
		59C049442A70E2BF0071C806 /* Build configuration list for PBXNativeTarget "AppUITests" */ = {
			isa = XCConfigurationList;
			buildConfigurations = (
				59C049452A70E2BF0071C806 /* Debug */,
				59C049462A70E2BF0071C806 /* Release */,
			);
			defaultConfigurationIsVisible = 0;
			defaultConfigurationName = Release;
		};
/* End XCConfigurationList section */
	};
	rootObject = 59C049122A70E2BE0071C806 /* Project object */;
}
