// !$*UTF8*$!
{
	archiveVersion = 1;
	classes = {
	};
	objectVersion = 56;
	objects = {

/* Begin PBXBuildFile section */
		5916C6402A70DA250046CCD1 /* achitectureApp.swift in Sources */ = {isa = PBXBuildFile; fileRef = 5916C63F2A70DA250046CCD1 /* achitectureApp.swift */; };
		5916C6422A70DA250046CCD1 /* ContentView.swift in Sources */ = {isa = PBXBuildFile; fileRef = 5916C6412A70DA250046CCD1 /* ContentView.swift */; };
		5916C6442A70DA260046CCD1 /* Assets.xcassets in Resources */ = {isa = PBXBuildFile; fileRef = 5916C6432A70DA260046CCD1 /* Assets.xcassets */; };
		5916C6472A70DA260046CCD1 /* Preview Assets.xcassets in Resources */ = {isa = PBXBuildFile; fileRef = 5916C6462A70DA260046CCD1 /* Preview Assets.xcassets */; };
		5916C6512A70DA260046CCD1 /* achitectureTests.swift in Sources */ = {isa = PBXBuildFile; fileRef = 5916C6502A70DA260046CCD1 /* achitectureTests.swift */; };
		5916C65B2A70DA260046CCD1 /* achitectureUITests.swift in Sources */ = {isa = PBXBuildFile; fileRef = 5916C65A2A70DA260046CCD1 /* achitectureUITests.swift */; };
		5916C65D2A70DA260046CCD1 /* achitectureUITestsLaunchTests.swift in Sources */ = {isa = PBXBuildFile; fileRef = 5916C65C2A70DA260046CCD1 /* achitectureUITestsLaunchTests.swift */; };
/* End PBXBuildFile section */

/* Begin PBXContainerItemProxy section */
		5916C64D2A70DA260046CCD1 /* PBXContainerItemProxy */ = {
			isa = PBXContainerItemProxy;
			containerPortal = 5916C6342A70DA250046CCD1 /* Project object */;
			proxyType = 1;
			remoteGlobalIDString = 5916C63B2A70DA250046CCD1;
			remoteInfo = achitecture;
		};
		5916C6572A70DA260046CCD1 /* PBXContainerItemProxy */ = {
			isa = PBXContainerItemProxy;
			containerPortal = 5916C6342A70DA250046CCD1 /* Project object */;
			proxyType = 1;
			remoteGlobalIDString = 5916C63B2A70DA250046CCD1;
			remoteInfo = achitecture;
		};
/* End PBXContainerItemProxy section */

/* Begin PBXFileReference section */
		5916C63C2A70DA250046CCD1 /* achitecture.app */ = {isa = PBXFileReference; explicitFileType = wrapper.application; includeInIndex = 0; path = achitecture.app; sourceTree = BUILT_PRODUCTS_DIR; };
		5916C63F2A70DA250046CCD1 /* achitectureApp.swift */ = {isa = PBXFileReference; lastKnownFileType = sourcecode.swift; path = achitectureApp.swift; sourceTree = "<group>"; };
		5916C6412A70DA250046CCD1 /* ContentView.swift */ = {isa = PBXFileReference; lastKnownFileType = sourcecode.swift; path = ContentView.swift; sourceTree = "<group>"; };
		5916C6432A70DA260046CCD1 /* Assets.xcassets */ = {isa = PBXFileReference; lastKnownFileType = folder.assetcatalog; path = Assets.xcassets; sourceTree = "<group>"; };
		5916C6462A70DA260046CCD1 /* Preview Assets.xcassets */ = {isa = PBXFileReference; lastKnownFileType = folder.assetcatalog; path = "Preview Assets.xcassets"; sourceTree = "<group>"; };
		5916C64C2A70DA260046CCD1 /* achitectureTests.xctest */ = {isa = PBXFileReference; explicitFileType = wrapper.cfbundle; includeInIndex = 0; path = achitectureTests.xctest; sourceTree = BUILT_PRODUCTS_DIR; };
		5916C6502A70DA260046CCD1 /* achitectureTests.swift */ = {isa = PBXFileReference; lastKnownFileType = sourcecode.swift; path = achitectureTests.swift; sourceTree = "<group>"; };
		5916C6562A70DA260046CCD1 /* achitectureUITests.xctest */ = {isa = PBXFileReference; explicitFileType = wrapper.cfbundle; includeInIndex = 0; path = achitectureUITests.xctest; sourceTree = BUILT_PRODUCTS_DIR; };
		5916C65A2A70DA260046CCD1 /* achitectureUITests.swift */ = {isa = PBXFileReference; lastKnownFileType = sourcecode.swift; path = achitectureUITests.swift; sourceTree = "<group>"; };
		5916C65C2A70DA260046CCD1 /* achitectureUITestsLaunchTests.swift */ = {isa = PBXFileReference; lastKnownFileType = sourcecode.swift; path = achitectureUITestsLaunchTests.swift; sourceTree = "<group>"; };
/* End PBXFileReference section */

/* Begin PBXFrameworksBuildPhase section */
		5916C6392A70DA250046CCD1 /* Frameworks */ = {
			isa = PBXFrameworksBuildPhase;
			buildActionMask = 2147483647;
			files = (
			);
			runOnlyForDeploymentPostprocessing = 0;
		};
		5916C6492A70DA260046CCD1 /* Frameworks */ = {
			isa = PBXFrameworksBuildPhase;
			buildActionMask = 2147483647;
			files = (
			);
			runOnlyForDeploymentPostprocessing = 0;
		};
		5916C6532A70DA260046CCD1 /* Frameworks */ = {
			isa = PBXFrameworksBuildPhase;
			buildActionMask = 2147483647;
			files = (
			);
			runOnlyForDeploymentPostprocessing = 0;
		};
/* End PBXFrameworksBuildPhase section */

/* Begin PBXGroup section */
		5916C6332A70DA250046CCD1 = {
			isa = PBXGroup;
			children = (
				5916C63E2A70DA250046CCD1 /* achitecture */,
				5916C64F2A70DA260046CCD1 /* achitectureTests */,
				5916C6592A70DA260046CCD1 /* achitectureUITests */,
				5916C63D2A70DA250046CCD1 /* Products */,
			);
			sourceTree = "<group>";
		};
		5916C63D2A70DA250046CCD1 /* Products */ = {
			isa = PBXGroup;
			children = (
				5916C63C2A70DA250046CCD1 /* achitecture.app */,
				5916C64C2A70DA260046CCD1 /* achitectureTests.xctest */,
				5916C6562A70DA260046CCD1 /* achitectureUITests.xctest */,
			);
			name = Products;
			sourceTree = "<group>";
		};
		5916C63E2A70DA250046CCD1 /* achitecture */ = {
			isa = PBXGroup;
			children = (
				5916C63F2A70DA250046CCD1 /* achitectureApp.swift */,
				5916C6412A70DA250046CCD1 /* ContentView.swift */,
				5916C6432A70DA260046CCD1 /* Assets.xcassets */,
				5916C6452A70DA260046CCD1 /* Preview Content */,
			);
			path = achitecture;
			sourceTree = "<group>";
		};
		5916C6452A70DA260046CCD1 /* Preview Content */ = {
			isa = PBXGroup;
			children = (
				5916C6462A70DA260046CCD1 /* Preview Assets.xcassets */,
			);
			path = "Preview Content";
			sourceTree = "<group>";
		};
		5916C64F2A70DA260046CCD1 /* achitectureTests */ = {
			isa = PBXGroup;
			children = (
				5916C6502A70DA260046CCD1 /* achitectureTests.swift */,
			);
			path = achitectureTests;
			sourceTree = "<group>";
		};
		5916C6592A70DA260046CCD1 /* achitectureUITests */ = {
			isa = PBXGroup;
			children = (
				5916C65A2A70DA260046CCD1 /* achitectureUITests.swift */,
				5916C65C2A70DA260046CCD1 /* achitectureUITestsLaunchTests.swift */,
			);
			path = achitectureUITests;
			sourceTree = "<group>";
		};
/* End PBXGroup section */

/* Begin PBXNativeTarget section */
		5916C63B2A70DA250046CCD1 /* achitecture */ = {
			isa = PBXNativeTarget;
			buildConfigurationList = 5916C6602A70DA260046CCD1 /* Build configuration list for PBXNativeTarget "achitecture" */;
			buildPhases = (
				5916C6382A70DA250046CCD1 /* Sources */,
				5916C6392A70DA250046CCD1 /* Frameworks */,
				5916C63A2A70DA250046CCD1 /* Resources */,
			);
			buildRules = (
			);
			dependencies = (
			);
			name = achitecture;
			productName = achitecture;
			productReference = 5916C63C2A70DA250046CCD1 /* achitecture.app */;
			productType = "com.apple.product-type.application";
		};
		5916C64B2A70DA260046CCD1 /* achitectureTests */ = {
			isa = PBXNativeTarget;
			buildConfigurationList = 5916C6632A70DA260046CCD1 /* Build configuration list for PBXNativeTarget "achitectureTests" */;
			buildPhases = (
				5916C6482A70DA260046CCD1 /* Sources */,
				5916C6492A70DA260046CCD1 /* Frameworks */,
				5916C64A2A70DA260046CCD1 /* Resources */,
			);
			buildRules = (
			);
			dependencies = (
				5916C64E2A70DA260046CCD1 /* PBXTargetDependency */,
			);
			name = achitectureTests;
			productName = achitectureTests;
			productReference = 5916C64C2A70DA260046CCD1 /* achitectureTests.xctest */;
			productType = "com.apple.product-type.bundle.unit-test";
		};
		5916C6552A70DA260046CCD1 /* achitectureUITests */ = {
			isa = PBXNativeTarget;
			buildConfigurationList = 5916C6662A70DA260046CCD1 /* Build configuration list for PBXNativeTarget "achitectureUITests" */;
			buildPhases = (
				5916C6522A70DA260046CCD1 /* Sources */,
				5916C6532A70DA260046CCD1 /* Frameworks */,
				5916C6542A70DA260046CCD1 /* Resources */,
			);
			buildRules = (
			);
			dependencies = (
				5916C6582A70DA260046CCD1 /* PBXTargetDependency */,
			);
			name = achitectureUITests;
			productName = achitectureUITests;
			productReference = 5916C6562A70DA260046CCD1 /* achitectureUITests.xctest */;
			productType = "com.apple.product-type.bundle.ui-testing";
		};
/* End PBXNativeTarget section */

/* Begin PBXProject section */
		5916C6342A70DA250046CCD1 /* Project object */ = {
			isa = PBXProject;
			attributes = {
				BuildIndependentTargetsInParallel = 1;
				LastSwiftUpdateCheck = 1430;
				LastUpgradeCheck = 1430;
				TargetAttributes = {
					5916C63B2A70DA250046CCD1 = {
						CreatedOnToolsVersion = 14.3.1;
					};
					5916C64B2A70DA260046CCD1 = {
						CreatedOnToolsVersion = 14.3.1;
						TestTargetID = 5916C63B2A70DA250046CCD1;
					};
					5916C6552A70DA260046CCD1 = {
						CreatedOnToolsVersion = 14.3.1;
						TestTargetID = 5916C63B2A70DA250046CCD1;
					};
				};
			};
			buildConfigurationList = 5916C6372A70DA250046CCD1 /* Build configuration list for PBXProject "achitecture" */;
			compatibilityVersion = "Xcode 14.0";
			developmentRegion = en;
			hasScannedForEncodings = 0;
			knownRegions = (
				en,
				Base,
			);
			mainGroup = 5916C6332A70DA250046CCD1;
			productRefGroup = 5916C63D2A70DA250046CCD1 /* Products */;
			projectDirPath = "";
			projectRoot = "";
			targets = (
				5916C63B2A70DA250046CCD1 /* achitecture */,
				5916C64B2A70DA260046CCD1 /* achitectureTests */,
				5916C6552A70DA260046CCD1 /* achitectureUITests */,
			);
		};
/* End PBXProject section */

/* Begin PBXResourcesBuildPhase section */
		5916C63A2A70DA250046CCD1 /* Resources */ = {
			isa = PBXResourcesBuildPhase;
			buildActionMask = 2147483647;
			files = (
				5916C6472A70DA260046CCD1 /* Preview Assets.xcassets in Resources */,
				5916C6442A70DA260046CCD1 /* Assets.xcassets in Resources */,
			);
			runOnlyForDeploymentPostprocessing = 0;
		};
		5916C64A2A70DA260046CCD1 /* Resources */ = {
			isa = PBXResourcesBuildPhase;
			buildActionMask = 2147483647;
			files = (
			);
			runOnlyForDeploymentPostprocessing = 0;
		};
		5916C6542A70DA260046CCD1 /* Resources */ = {
			isa = PBXResourcesBuildPhase;
			buildActionMask = 2147483647;
			files = (
			);
			runOnlyForDeploymentPostprocessing = 0;
		};
/* End PBXResourcesBuildPhase section */

/* Begin PBXSourcesBuildPhase section */
		5916C6382A70DA250046CCD1 /* Sources */ = {
			isa = PBXSourcesBuildPhase;
			buildActionMask = 2147483647;
			files = (
				5916C6422A70DA250046CCD1 /* ContentView.swift in Sources */,
				5916C6402A70DA250046CCD1 /* achitectureApp.swift in Sources */,
			);
			runOnlyForDeploymentPostprocessing = 0;
		};
		5916C6482A70DA260046CCD1 /* Sources */ = {
			isa = PBXSourcesBuildPhase;
			buildActionMask = 2147483647;
			files = (
				5916C6512A70DA260046CCD1 /* achitectureTests.swift in Sources */,
			);
			runOnlyForDeploymentPostprocessing = 0;
		};
		5916C6522A70DA260046CCD1 /* Sources */ = {
			isa = PBXSourcesBuildPhase;
			buildActionMask = 2147483647;
			files = (
				5916C65D2A70DA260046CCD1 /* achitectureUITestsLaunchTests.swift in Sources */,
				5916C65B2A70DA260046CCD1 /* achitectureUITests.swift in Sources */,
			);
			runOnlyForDeploymentPostprocessing = 0;
		};
/* End PBXSourcesBuildPhase section */

/* Begin PBXTargetDependency section */
		5916C64E2A70DA260046CCD1 /* PBXTargetDependency */ = {
			isa = PBXTargetDependency;
			target = 5916C63B2A70DA250046CCD1 /* achitecture */;
			targetProxy = 5916C64D2A70DA260046CCD1 /* PBXContainerItemProxy */;
		};
		5916C6582A70DA260046CCD1 /* PBXTargetDependency */ = {
			isa = PBXTargetDependency;
			target = 5916C63B2A70DA250046CCD1 /* achitecture */;
			targetProxy = 5916C6572A70DA260046CCD1 /* PBXContainerItemProxy */;
		};
/* End PBXTargetDependency section */

/* Begin XCBuildConfiguration section */
		5916C65E2A70DA260046CCD1 /* Debug */ = {
			isa = XCBuildConfiguration;
			buildSettings = {
				ALWAYS_SEARCH_USER_PATHS = NO;
				CLANG_ANALYZER_NONNULL = YES;
				CLANG_ANALYZER_NUMBER_OBJECT_CONVERSION = YES_AGGRESSIVE;
				CLANG_CXX_LANGUAGE_STANDARD = "gnu++20";
				CLANG_ENABLE_MODULES = YES;
				CLANG_ENABLE_OBJC_ARC = YES;
				CLANG_ENABLE_OBJC_WEAK = YES;
				CLANG_WARN_BLOCK_CAPTURE_AUTORELEASING = YES;
				CLANG_WARN_BOOL_CONVERSION = YES;
				CLANG_WARN_COMMA = YES;
				CLANG_WARN_CONSTANT_CONVERSION = YES;
				CLANG_WARN_DEPRECATED_OBJC_IMPLEMENTATIONS = YES;
				CLANG_WARN_DIRECT_OBJC_ISA_USAGE = YES_ERROR;
				CLANG_WARN_DOCUMENTATION_COMMENTS = YES;
				CLANG_WARN_EMPTY_BODY = YES;
				CLANG_WARN_ENUM_CONVERSION = YES;
				CLANG_WARN_INFINITE_RECURSION = YES;
				CLANG_WARN_INT_CONVERSION = YES;
				CLANG_WARN_NON_LITERAL_NULL_CONVERSION = YES;
				CLANG_WARN_OBJC_IMPLICIT_RETAIN_SELF = YES;
				CLANG_WARN_OBJC_LITERAL_CONVERSION = YES;
				CLANG_WARN_OBJC_ROOT_CLASS = YES_ERROR;
				CLANG_WARN_QUOTED_INCLUDE_IN_FRAMEWORK_HEADER = YES;
				CLANG_WARN_RANGE_LOOP_ANALYSIS = YES;
				CLANG_WARN_STRICT_PROTOTYPES = YES;
				CLANG_WARN_SUSPICIOUS_MOVE = YES;
				CLANG_WARN_UNGUARDED_AVAILABILITY = YES_AGGRESSIVE;
				CLANG_WARN_UNREACHABLE_CODE = YES;
				CLANG_WARN__DUPLICATE_METHOD_MATCH = YES;
				COPY_PHASE_STRIP = NO;
				DEBUG_INFORMATION_FORMAT = dwarf;
				ENABLE_STRICT_OBJC_MSGSEND = YES;
				ENABLE_TESTABILITY = YES;
				GCC_C_LANGUAGE_STANDARD = gnu11;
				GCC_DYNAMIC_NO_PIC = NO;
				GCC_NO_COMMON_BLOCKS = YES;
				GCC_OPTIMIZATION_LEVEL = 0;
				GCC_PREPROCESSOR_DEFINITIONS = (
					"DEBUG=1",
					"$(inherited)",
				);
				GCC_WARN_64_TO_32_BIT_CONVERSION = YES;
				GCC_WARN_ABOUT_RETURN_TYPE = YES_ERROR;
				GCC_WARN_UNDECLARED_SELECTOR = YES;
				GCC_WARN_UNINITIALIZED_AUTOS = YES_AGGRESSIVE;
				GCC_WARN_UNUSED_FUNCTION = YES;
				GCC_WARN_UNUSED_VARIABLE = YES;
				IPHONEOS_DEPLOYMENT_TARGET = 16.4;
				MTL_ENABLE_DEBUG_INFO = INCLUDE_SOURCE;
				MTL_FAST_MATH = YES;
				ONLY_ACTIVE_ARCH = YES;
				SDKROOT = iphoneos;
				SWIFT_ACTIVE_COMPILATION_CONDITIONS = DEBUG;
				SWIFT_OPTIMIZATION_LEVEL = "-Onone";
			};
			name = Debug;
		};
		5916C65F2A70DA260046CCD1 /* Release */ = {
			isa = XCBuildConfiguration;
			buildSettings = {
				ALWAYS_SEARCH_USER_PATHS = NO;
				CLANG_ANALYZER_NONNULL = YES;
				CLANG_ANALYZER_NUMBER_OBJECT_CONVERSION = YES_AGGRESSIVE;
				CLANG_CXX_LANGUAGE_STANDARD = "gnu++20";
				CLANG_ENABLE_MODULES = YES;
				CLANG_ENABLE_OBJC_ARC = YES;
				CLANG_ENABLE_OBJC_WEAK = YES;
				CLANG_WARN_BLOCK_CAPTURE_AUTORELEASING = YES;
				CLANG_WARN_BOOL_CONVERSION = YES;
				CLANG_WARN_COMMA = YES;
				CLANG_WARN_CONSTANT_CONVERSION = YES;
				CLANG_WARN_DEPRECATED_OBJC_IMPLEMENTATIONS = YES;
				CLANG_WARN_DIRECT_OBJC_ISA_USAGE = YES_ERROR;
				CLANG_WARN_DOCUMENTATION_COMMENTS = YES;
				CLANG_WARN_EMPTY_BODY = YES;
				CLANG_WARN_ENUM_CONVERSION = YES;
				CLANG_WARN_INFINITE_RECURSION = YES;
				CLANG_WARN_INT_CONVERSION = YES;
				CLANG_WARN_NON_LITERAL_NULL_CONVERSION = YES;
				CLANG_WARN_OBJC_IMPLICIT_RETAIN_SELF = YES;
				CLANG_WARN_OBJC_LITERAL_CONVERSION = YES;
				CLANG_WARN_OBJC_ROOT_CLASS = YES_ERROR;
				CLANG_WARN_QUOTED_INCLUDE_IN_FRAMEWORK_HEADER = YES;
				CLANG_WARN_RANGE_LOOP_ANALYSIS = YES;
				CLANG_WARN_STRICT_PROTOTYPES = YES;
				CLANG_WARN_SUSPICIOUS_MOVE = YES;
				CLANG_WARN_UNGUARDED_AVAILABILITY = YES_AGGRESSIVE;
				CLANG_WARN_UNREACHABLE_CODE = YES;
				CLANG_WARN__DUPLICATE_METHOD_MATCH = YES;
				COPY_PHASE_STRIP = NO;
				DEBUG_INFORMATION_FORMAT = "dwarf-with-dsym";
				ENABLE_NS_ASSERTIONS = NO;
				ENABLE_STRICT_OBJC_MSGSEND = YES;
				GCC_C_LANGUAGE_STANDARD = gnu11;
				GCC_NO_COMMON_BLOCKS = YES;
				GCC_WARN_64_TO_32_BIT_CONVERSION = YES;
				GCC_WARN_ABOUT_RETURN_TYPE = YES_ERROR;
				GCC_WARN_UNDECLARED_SELECTOR = YES;
				GCC_WARN_UNINITIALIZED_AUTOS = YES_AGGRESSIVE;
				GCC_WARN_UNUSED_FUNCTION = YES;
				GCC_WARN_UNUSED_VARIABLE = YES;
				IPHONEOS_DEPLOYMENT_TARGET = 16.4;
				MTL_ENABLE_DEBUG_INFO = NO;
				MTL_FAST_MATH = YES;
				SDKROOT = iphoneos;
				SWIFT_COMPILATION_MODE = wholemodule;
				SWIFT_OPTIMIZATION_LEVEL = "-O";
				VALIDATE_PRODUCT = YES;
			};
			name = Release;
		};
		5916C6612A70DA260046CCD1 /* Debug */ = {
			isa = XCBuildConfiguration;
			buildSettings = {
				ASSETCATALOG_COMPILER_APPICON_NAME = AppIcon;
				ASSETCATALOG_COMPILER_GLOBAL_ACCENT_COLOR_NAME = AccentColor;
				CODE_SIGN_STYLE = Automatic;
				CURRENT_PROJECT_VERSION = 1;
				DEVELOPMENT_ASSET_PATHS = "\"achitecture/Preview Content\"";
				ENABLE_PREVIEWS = YES;
				GENERATE_INFOPLIST_FILE = YES;
				INFOPLIST_KEY_UIApplicationSceneManifest_Generation = YES;
				INFOPLIST_KEY_UIApplicationSupportsIndirectInputEvents = YES;
				INFOPLIST_KEY_UILaunchScreen_Generation = YES;
				INFOPLIST_KEY_UISupportedInterfaceOrientations_iPad = "UIInterfaceOrientationPortrait UIInterfaceOrientationPortraitUpsideDown UIInterfaceOrientationLandscapeLeft UIInterfaceOrientationLandscapeRight";
				INFOPLIST_KEY_UISupportedInterfaceOrientations_iPhone = "UIInterfaceOrientationPortrait UIInterfaceOrientationLandscapeLeft UIInterfaceOrientationLandscapeRight";
				LD_RUNPATH_SEARCH_PATHS = (
					"$(inherited)",
					"@executable_path/Frameworks",
				);
				MARKETING_VERSION = 1.0;
				PRODUCT_BUNDLE_IDENTIFIER = HEEPOKE.achitecture;
				PRODUCT_NAME = "$(TARGET_NAME)";
				SWIFT_EMIT_LOC_STRINGS = YES;
				SWIFT_VERSION = 5.0;
				TARGETED_DEVICE_FAMILY = "1,2";
			};
			name = Debug;
		};
		5916C6622A70DA260046CCD1 /* Release */ = {
			isa = XCBuildConfiguration;
			buildSettings = {
				ASSETCATALOG_COMPILER_APPICON_NAME = AppIcon;
				ASSETCATALOG_COMPILER_GLOBAL_ACCENT_COLOR_NAME = AccentColor;
				CODE_SIGN_STYLE = Automatic;
				CURRENT_PROJECT_VERSION = 1;
				DEVELOPMENT_ASSET_PATHS = "\"achitecture/Preview Content\"";
				ENABLE_PREVIEWS = YES;
				GENERATE_INFOPLIST_FILE = YES;
				INFOPLIST_KEY_UIApplicationSceneManifest_Generation = YES;
				INFOPLIST_KEY_UIApplicationSupportsIndirectInputEvents = YES;
				INFOPLIST_KEY_UILaunchScreen_Generation = YES;
				INFOPLIST_KEY_UISupportedInterfaceOrientations_iPad = "UIInterfaceOrientationPortrait UIInterfaceOrientationPortraitUpsideDown UIInterfaceOrientationLandscapeLeft UIInterfaceOrientationLandscapeRight";
				INFOPLIST_KEY_UISupportedInterfaceOrientations_iPhone = "UIInterfaceOrientationPortrait UIInterfaceOrientationLandscapeLeft UIInterfaceOrientationLandscapeRight";
				LD_RUNPATH_SEARCH_PATHS = (
					"$(inherited)",
					"@executable_path/Frameworks",
				);
				MARKETING_VERSION = 1.0;
				PRODUCT_BUNDLE_IDENTIFIER = HEEPOKE.achitecture;
				PRODUCT_NAME = "$(TARGET_NAME)";
				SWIFT_EMIT_LOC_STRINGS = YES;
				SWIFT_VERSION = 5.0;
				TARGETED_DEVICE_FAMILY = "1,2";
			};
			name = Release;
		};
		5916C6642A70DA260046CCD1 /* Debug */ = {
			isa = XCBuildConfiguration;
			buildSettings = {
				ALWAYS_EMBED_SWIFT_STANDARD_LIBRARIES = YES;
				BUNDLE_LOADER = "$(TEST_HOST)";
				CODE_SIGN_STYLE = Automatic;
				CURRENT_PROJECT_VERSION = 1;
				GENERATE_INFOPLIST_FILE = YES;
				IPHONEOS_DEPLOYMENT_TARGET = 16.4;
				MARKETING_VERSION = 1.0;
				PRODUCT_BUNDLE_IDENTIFIER = HEEPOKE.achitectureTests;
				PRODUCT_NAME = "$(TARGET_NAME)";
				SWIFT_EMIT_LOC_STRINGS = NO;
				SWIFT_VERSION = 5.0;
				TARGETED_DEVICE_FAMILY = "1,2";
				TEST_HOST = "$(BUILT_PRODUCTS_DIR)/achitecture.app/$(BUNDLE_EXECUTABLE_FOLDER_PATH)/achitecture";
			};
			name = Debug;
		};
		5916C6652A70DA260046CCD1 /* Release */ = {
			isa = XCBuildConfiguration;
			buildSettings = {
				ALWAYS_EMBED_SWIFT_STANDARD_LIBRARIES = YES;
				BUNDLE_LOADER = "$(TEST_HOST)";
				CODE_SIGN_STYLE = Automatic;
				CURRENT_PROJECT_VERSION = 1;
				GENERATE_INFOPLIST_FILE = YES;
				IPHONEOS_DEPLOYMENT_TARGET = 16.4;
				MARKETING_VERSION = 1.0;
				PRODUCT_BUNDLE_IDENTIFIER = HEEPOKE.achitectureTests;
				PRODUCT_NAME = "$(TARGET_NAME)";
				SWIFT_EMIT_LOC_STRINGS = NO;
				SWIFT_VERSION = 5.0;
				TARGETED_DEVICE_FAMILY = "1,2";
				TEST_HOST = "$(BUILT_PRODUCTS_DIR)/achitecture.app/$(BUNDLE_EXECUTABLE_FOLDER_PATH)/achitecture";
			};
			name = Release;
		};
		5916C6672A70DA260046CCD1 /* Debug */ = {
			isa = XCBuildConfiguration;
			buildSettings = {
				ALWAYS_EMBED_SWIFT_STANDARD_LIBRARIES = YES;
				CODE_SIGN_STYLE = Automatic;
				CURRENT_PROJECT_VERSION = 1;
				GENERATE_INFOPLIST_FILE = YES;
				MARKETING_VERSION = 1.0;
				PRODUCT_BUNDLE_IDENTIFIER = HEEPOKE.achitectureUITests;
				PRODUCT_NAME = "$(TARGET_NAME)";
				SWIFT_EMIT_LOC_STRINGS = NO;
				SWIFT_VERSION = 5.0;
				TARGETED_DEVICE_FAMILY = "1,2";
				TEST_TARGET_NAME = achitecture;
			};
			name = Debug;
		};
		5916C6682A70DA260046CCD1 /* Release */ = {
			isa = XCBuildConfiguration;
			buildSettings = {
				ALWAYS_EMBED_SWIFT_STANDARD_LIBRARIES = YES;
				CODE_SIGN_STYLE = Automatic;
				CURRENT_PROJECT_VERSION = 1;
				GENERATE_INFOPLIST_FILE = YES;
				MARKETING_VERSION = 1.0;
				PRODUCT_BUNDLE_IDENTIFIER = HEEPOKE.achitectureUITests;
				PRODUCT_NAME = "$(TARGET_NAME)";
				SWIFT_EMIT_LOC_STRINGS = NO;
				SWIFT_VERSION = 5.0;
				TARGETED_DEVICE_FAMILY = "1,2";
				TEST_TARGET_NAME = achitecture;
			};
			name = Release;
		};
/* End XCBuildConfiguration section */

/* Begin XCConfigurationList section */
		5916C6372A70DA250046CCD1 /* Build configuration list for PBXProject "achitecture" */ = {
			isa = XCConfigurationList;
			buildConfigurations = (
				5916C65E2A70DA260046CCD1 /* Debug */,
				5916C65F2A70DA260046CCD1 /* Release */,
			);
			defaultConfigurationIsVisible = 0;
			defaultConfigurationName = Release;
		};
		5916C6602A70DA260046CCD1 /* Build configuration list for PBXNativeTarget "achitecture" */ = {
			isa = XCConfigurationList;
			buildConfigurations = (
				5916C6612A70DA260046CCD1 /* Debug */,
				5916C6622A70DA260046CCD1 /* Release */,
			);
			defaultConfigurationIsVisible = 0;
			defaultConfigurationName = Release;
		};
		5916C6632A70DA260046CCD1 /* Build configuration list for PBXNativeTarget "achitectureTests" */ = {
			isa = XCConfigurationList;
			buildConfigurations = (
				5916C6642A70DA260046CCD1 /* Debug */,
				5916C6652A70DA260046CCD1 /* Release */,
			);
			defaultConfigurationIsVisible = 0;
			defaultConfigurationName = Release;
		};
		5916C6662A70DA260046CCD1 /* Build configuration list for PBXNativeTarget "achitectureUITests" */ = {
			isa = XCConfigurationList;
			buildConfigurations = (
				5916C6672A70DA260046CCD1 /* Debug */,
				5916C6682A70DA260046CCD1 /* Release */,
			);
			defaultConfigurationIsVisible = 0;
			defaultConfigurationName = Release;
		};
/* End XCConfigurationList section */
	};
	rootObject = 5916C6342A70DA250046CCD1 /* Project object */;
}
